github.com/matehaxor03/holistic_common v0.0.49 h1:9rjQeXZM8VIkMvkiuHpSVTyhIpFMf+EyTKsI7NAE8Ds=
github.com/matehaxor03/holistic_common v0.0.49/go.mod h1:Fduzjeq/XqKGCdJsBedOS7DzfwQOqTGJtS8T2zQjeCY=
github.com/matehaxor03/holistic_json v0.0.73 h1:UDLbxVEQAGYD823mUDDm835fk1wFqFenutryb901w5A=
github.com/matehaxor03/holistic_json v0.0.73/go.mod h1:8/5MdPf2xxxm8Z2dRw48k1KnaNbpS4HfN0awe1/xN+0=
