github.com/matehaxor03/holistic_common v0.0.30 h1:11B+jjVYqVMRk/bItFz41t8rZ88OYhjqZMcfifMZkr0=
github.com/matehaxor03/holistic_common v0.0.30/go.mod h1:Fduzjeq/XqKGCdJsBedOS7DzfwQOqTGJtS8T2zQjeCY=
github.com/matehaxor03/holistic_json v0.0.35 h1:pZqGl2NgKVmXUW6N3ybFJTe7c6kFv7P9yOV9nKhwC+4=
github.com/matehaxor03/holistic_json v0.0.35/go.mod h1:IrUtfCPxrbW7xBdQNzZ+uTyhze8KR6b+jTwQUUyiqzg=
